Microsoft Visual Studio Solution File, Format Version 11.00
# Visual Studio 2008

Project("{5B4A52D5-D6CC-D2EF-98F7-63CDFDC37606}") = "HJ-Nightmare-Tuto", "Assembly-CSharp.csproj", "{BFD954E9-019B-86FF-AB35-53D6FD43EBFB}"
EndProject
Global
	GlobalSection(SolutionConfigurationPlatforms) = preSolution
		Debug|Any CPU = Debug|Any CPU
		Release|Any CPU = Release|Any CPU
	EndGlobalSection
	GlobalSection(ProjectConfigurationPlatforms) = postSolution
		{BFD954E9-019B-86FF-AB35-53D6FD43EBFB}.Debug|Any CPU.ActiveCfg = Debug|Any CPU
		{BFD954E9-019B-86FF-AB35-53D6FD43EBFB}.Debug|Any CPU.Build.0 = Debug|Any CPU
		{BFD954E9-019B-86FF-AB35-53D6FD43EBFB}.Release|Any CPU.ActiveCfg = Release|Any CPU
		{BFD954E9-019B-86FF-AB35-53D6FD43EBFB}.Release|Any CPU.Build.0 = Release|Any CPU
	EndGlobalSection
	GlobalSection(SolutionProperties) = preSolution
		HideSolutionNode = FALSE
	EndGlobalSection
	GlobalSection(MonoDevelopProperties) = preSolution
		StartupItem = Assembly-CSharp.csproj
	EndGlobalSection
EndGlobal
